hash: c84319ffb0091e72c608e8fb58ffeab79f14a94a8d3a8c9ae737f14ea6fd0f6f
updated: 2017-07-22T17:18:59.523405799+02:00
imports:
- name: github.com/go-chi/chi
  version: 12a98d329f12aac9e94b72c713437350c948a5e2
- name: github.com/h2non/baloo
  version: 07721c4c93632cbba22ea5c7d5b4fa39745db49d
  subpackages:
  - assert
- name: github.com/satori/go.uuid
  version: 879c5887cd475cd7864858769793b2ceb0d44feb
testImports:
- name: github.com/xeipuuv/gojsonpointer
  version: 6fe8760cad3569743d51ddbb243b26f8456742dc
- name: github.com/xeipuuv/gojsonreference
  version: e02fc20de94c78484cd5ffb007f8af96be030a45
- name: github.com/xeipuuv/gojsonschema
  version: 0c8571ac0ce161a5feb57375a9cdf148c98c0f70
- name: golang.org/x/net
  version: 513929065c19401a1c7b76ecd942f9f86a0c061b
  subpackages:
  - publicsuffix
- name: gopkg.in/h2non/baloo.v1
  version: 07721c4c93632cbba22ea5c7d5b4fa39745db49d
  subpackages:
  - assert
- name: gopkg.in/h2non/gentleman.v1
  version: 1f1771a3f977fccd9f5025c0a9c103a3704f5e79
  subpackages:
  - context
  - middleware
  - mux
  - plugin
  - plugins/body
  - plugins/bodytype
  - plugins/cookies
  - plugins/headers
  - plugins/multipart
  - plugins/query
  - plugins/url
  - utils
